// !$*UTF8*$!
{
	archiveVersion = 1;
	classes = {
	};
	objectVersion = 50;
	objects = {

/* Begin PBXBuildFile section */
		47694021215ECEA700D4F415 /* AppDelegate.swift in Sources */ = {isa = PBXBuildFile; fileRef = 47694020215ECEA700D4F415 /* AppDelegate.swift */; };
		47694023215ECEA700D4F415 /* IDViewController.swift in Sources */ = {isa = PBXBuildFile; fileRef = 47694022215ECEA700D4F415 /* IDViewController.swift */; };
		47694025215ECEA700D4F415 /* VisitsViewController.swift in Sources */ = {isa = PBXBuildFile; fileRef = 47694024215ECEA700D4F415 /* VisitsViewController.swift */; };
		47694028215ECEA700D4F415 /* Main.storyboard in Resources */ = {isa = PBXBuildFile; fileRef = 47694026215ECEA700D4F415 /* Main.storyboard */; };
		4769402A215ECEA700D4F415 /* Assets.xcassets in Resources */ = {isa = PBXBuildFile; fileRef = 47694029215ECEA700D4F415 /* Assets.xcassets */; };
		4769402D215ECEA700D4F415 /* LaunchScreen.storyboard in Resources */ = {isa = PBXBuildFile; fileRef = 4769402B215ECEA700D4F415 /* LaunchScreen.storyboard */; };
/* End PBXBuildFile section */

/* Begin PBXFileReference section */
		4769401D215ECEA700D4F415 /* w3lcome-id.app */ = {isa = PBXFileReference; explicitFileType = wrapper.application; includeInIndex = 0; path = "w3lcome-id.app"; sourceTree = BUILT_PRODUCTS_DIR; };
		47694020215ECEA700D4F415 /* AppDelegate.swift */ = {isa = PBXFileReference; lastKnownFileType = sourcecode.swift; path = AppDelegate.swift; sourceTree = "<group>"; };
		47694022215ECEA700D4F415 /* IDViewController.swift */ = {isa = PBXFileReference; lastKnownFileType = sourcecode.swift; path = IDViewController.swift; sourceTree = "<group>"; };
		47694024215ECEA700D4F415 /* VisitsViewController.swift */ = {isa = PBXFileReference; lastKnownFileType = sourcecode.swift; path = VisitsViewController.swift; sourceTree = "<group>"; };
		47694027215ECEA700D4F415 /* Base */ = {isa = PBXFileReference; lastKnownFileType = file.storyboard; name = Base; path = Base.lproj/Main.storyboard; sourceTree = "<group>"; };
		47694029215ECEA700D4F415 /* Assets.xcassets */ = {isa = PBXFileReference; lastKnownFileType = folder.assetcatalog; path = Assets.xcassets; sourceTree = "<group>"; };
		4769402C215ECEA700D4F415 /* Base */ = {isa = PBXFileReference; lastKnownFileType = file.storyboard; name = Base; path = Base.lproj/LaunchScreen.storyboard; sourceTree = "<group>"; };
		4769402E215ECEA700D4F415 /* Info.plist */ = {isa = PBXFileReference; lastKnownFileType = text.plist.xml; path = Info.plist; sourceTree = "<group>"; };
/* End PBXFileReference section */

/* Begin PBXFrameworksBuildPhase section */
		4769401A215ECEA600D4F415 /* Frameworks */ = {
			isa = PBXFrameworksBuildPhase;
			buildActionMask = 2147483647;
			files = (
			);
			runOnlyForDeploymentPostprocessing = 0;
		};
/* End PBXFrameworksBuildPhase section */

/* Begin PBXGroup section */
		47694014215ECEA600D4F415 = {
			isa = PBXGroup;
			children = (
				4769401F215ECEA700D4F415 /* w3lcome-id */,
				4769401E215ECEA700D4F415 /* Products */,
			);
			sourceTree = "<group>";
		};
		4769401E215ECEA700D4F415 /* Products */ = {
			isa = PBXGroup;
			children = (
				4769401D215ECEA700D4F415 /* w3lcome-id.app */,
			);
			name = Products;
			sourceTree = "<group>";
		};
		4769401F215ECEA700D4F415 /* w3lcome-id */ = {
			isa = PBXGroup;
			children = (
				47694020215ECEA700D4F415 /* AppDelegate.swift */,
				47694022215ECEA700D4F415 /* IDViewController.swift */,
				47694024215ECEA700D4F415 /* VisitsViewController.swift */,
				47694026215ECEA700D4F415 /* Main.storyboard */,
				47694029215ECEA700D4F415 /* Assets.xcassets */,
				4769402B215ECEA700D4F415 /* LaunchScreen.storyboard */,
				4769402E215ECEA700D4F415 /* Info.plist */,
			);
			path = "w3lcome-id";
			sourceTree = "<group>";
		};
/* End PBXGroup section */

/* Begin PBXNativeTarget section */
		4769401C215ECEA600D4F415 /* w3lcome-id */ = {
			isa = PBXNativeTarget;
			buildConfigurationList = 47694031215ECEA700D4F415 /* Build configuration list for PBXNativeTarget "w3lcome-id" */;
			buildPhases = (
				47694019215ECEA600D4F415 /* Sources */,
				4769401A215ECEA600D4F415 /* Frameworks */,
				4769401B215ECEA600D4F415 /* Resources */,
			);
			buildRules = (
			);
			dependencies = (
			);
			name = "w3lcome-id";
			productName = "w3lcome-id";
			productReference = 4769401D215ECEA700D4F415 /* w3lcome-id.app */;
			productType = "com.apple.product-type.application";
		};
/* End PBXNativeTarget section */

/* Begin PBXProject section */
		47694015215ECEA600D4F415 /* Project object */ = {
			isa = PBXProject;
			attributes = {
				LastSwiftUpdateCheck = 1000;
				LastUpgradeCheck = 1000;
				ORGANIZATIONNAME = "Cotival Solutions GmbH";
				TargetAttributes = {
					4769401C215ECEA600D4F415 = {
						CreatedOnToolsVersion = 10.0;
					};
				};
			};
			buildConfigurationList = 47694018215ECEA600D4F415 /* Build configuration list for PBXProject "w3lcome-id" */;
			compatibilityVersion = "Xcode 9.3";
			developmentRegion = en;
			hasScannedForEncodings = 0;
			knownRegions = (
				en,
				Base,
			);
			mainGroup = 47694014215ECEA600D4F415;
			productRefGroup = 4769401E215ECEA700D4F415 /* Products */;
			projectDirPath = "";
			projectRoot = "";
			targets = (
				4769401C215ECEA600D4F415 /* w3lcome-id */,
			);
		};
/* End PBXProject section */

/* Begin PBXResourcesBuildPhase section */
		4769401B215ECEA600D4F415 /* Resources */ = {
			isa = PBXResourcesBuildPhase;
			buildActionMask = 2147483647;
			files = (
				4769402D215ECEA700D4F415 /* LaunchScreen.storyboard in Resources */,
				4769402A215ECEA700D4F415 /* Assets.xcassets in Resources */,
				47694028215ECEA700D4F415 /* Main.storyboard in Resources */,
			);
			runOnlyForDeploymentPostprocessing = 0;
		};
/* End PBXResourcesBuildPhase section */

/* Begin PBXSourcesBuildPhase section */
		47694019215ECEA600D4F415 /* Sources */ = {
			isa = PBXSourcesBuildPhase;
			buildActionMask = 2147483647;
			files = (
				47694025215ECEA700D4F415 /* VisitsViewController.swift in Sources */,
				47694021215ECEA700D4F415 /* AppDelegate.swift in Sources */,
				47694023215ECEA700D4F415 /* IDViewController.swift in Sources */,
			);
			runOnlyForDeploymentPostprocessing = 0;
		};
/* End PBXSourcesBuildPhase section */

/* Begin PBXVariantGroup section */
		47694026215ECEA700D4F415 /* Main.storyboard */ = {
			isa = PBXVariantGroup;
			children = (
				47694027215ECEA700D4F415 /* Base */,
			);
			name = Main.storyboard;
			sourceTree = "<group>";
		};
		4769402B215ECEA700D4F415 /* LaunchScreen.storyboard */ = {
			isa = PBXVariantGroup;
			children = (
				4769402C215ECEA700D4F415 /* Base */,
			);
			name = LaunchScreen.storyboard;
			sourceTree = "<group>";
		};
/* End PBXVariantGroup section */

/* Begin XCBuildConfiguration section */
		4769402F215ECEA700D4F415 /* Debug */ = {
			isa = XCBuildConfiguration;
			buildSettings = {
				ALWAYS_SEARCH_USER_PATHS = NO;
				CLANG_ANALYZER_NONNULL = YES;
				CLANG_ANALYZER_NUMBER_OBJECT_CONVERSION = YES_AGGRESSIVE;
				CLANG_CXX_LANGUAGE_STANDARD = "gnu++14";
				CLANG_CXX_LIBRARY = "libc++";
				CLANG_ENABLE_MODULES = YES;
				CLANG_ENABLE_OBJC_ARC = YES;
				CLANG_ENABLE_OBJC_WEAK = YES;
				CLANG_WARN_BLOCK_CAPTURE_AUTORELEASING = YES;
				CLANG_WARN_BOOL_CONVERSION = YES;
				CLANG_WARN_COMMA = YES;
				CLANG_WARN_CONSTANT_CONVERSION = YES;
				CLANG_WARN_DEPRECATED_OBJC_IMPLEMENTATIONS = YES;
				CLANG_WARN_DIRECT_OBJC_ISA_USAGE = YES_ERROR;
				CLANG_WARN_DOCUMENTATION_COMMENTS = YES;
				CLANG_WARN_EMPTY_BODY = YES;
				CLANG_WARN_ENUM_CONVERSION = YES;
				CLANG_WARN_INFINITE_RECURSION = YES;
				CLANG_WARN_INT_CONVERSION = YES;
				CLANG_WARN_NON_LITERAL_NULL_CONVERSION = YES;
				CLANG_WARN_OBJC_IMPLICIT_RETAIN_SELF = YES;
				CLANG_WARN_OBJC_LITERAL_CONVERSION = YES;
				CLANG_WARN_OBJC_ROOT_CLASS = YES_ERROR;
				CLANG_WARN_RANGE_LOOP_ANALYSIS = YES;
				CLANG_WARN_STRICT_PROTOTYPES = YES;
				CLANG_WARN_SUSPICIOUS_MOVE = YES;
				CLANG_WARN_UNGUARDED_AVAILABILITY = YES_AGGRESSIVE;
				CLANG_WARN_UNREACHABLE_CODE = YES;
				CLANG_WARN__DUPLICATE_METHOD_MATCH = YES;
				CODE_SIGN_IDENTITY = "iPhone Developer";
				COPY_PHASE_STRIP = NO;
				DEBUG_INFORMATION_FORMAT = dwarf;
				ENABLE_STRICT_OBJC_MSGSEND = YES;
				ENABLE_TESTABILITY = YES;
				GCC_C_LANGUAGE_STANDARD = gnu11;
				GCC_DYNAMIC_NO_PIC = NO;
				GCC_NO_COMMON_BLOCKS = YES;
				GCC_OPTIMIZATION_LEVEL = 0;
				GCC_PREPROCESSOR_DEFINITIONS = (
					"DEBUG=1",
					"$(inherited)",
				);
				GCC_WARN_64_TO_32_BIT_CONVERSION = YES;
				GCC_WARN_ABOUT_RETURN_TYPE = YES_ERROR;
				GCC_WARN_UNDECLARED_SELECTOR = YES;
				GCC_WARN_UNINITIALIZED_AUTOS = YES_AGGRESSIVE;
				GCC_WARN_UNUSED_FUNCTION = YES;
				GCC_WARN_UNUSED_VARIABLE = YES;
				IPHONEOS_DEPLOYMENT_TARGET = 12.0;
				MTL_ENABLE_DEBUG_INFO = INCLUDE_SOURCE;
				MTL_FAST_MATH = YES;
				ONLY_ACTIVE_ARCH = YES;
				SDKROOT = iphoneos;
				SWIFT_ACTIVE_COMPILATION_CONDITIONS = DEBUG;
				SWIFT_OPTIMIZATION_LEVEL = "-Onone";
			};
			name = Debug;
		};
		47694030215ECEA700D4F415 /* Release */ = {
			isa = XCBuildConfiguration;
			buildSettings = {
				ALWAYS_SEARCH_USER_PATHS = NO;
				CLANG_ANALYZER_NONNULL = YES;
				CLANG_ANALYZER_NUMBER_OBJECT_CONVERSION = YES_AGGRESSIVE;
				CLANG_CXX_LANGUAGE_STANDARD = "gnu++14";
				CLANG_CXX_LIBRARY = "libc++";
				CLANG_ENABLE_MODULES = YES;
				CLANG_ENABLE_OBJC_ARC = YES;
				CLANG_ENABLE_OBJC_WEAK = YES;
				CLANG_WARN_BLOCK_CAPTURE_AUTORELEASING = YES;
				CLANG_WARN_BOOL_CONVERSION = YES;
				CLANG_WARN_COMMA = YES;
				CLANG_WARN_CONSTANT_CONVERSION = YES;
				CLANG_WARN_DEPRECATED_OBJC_IMPLEMENTATIONS = YES;
				CLANG_WARN_DIRECT_OBJC_ISA_USAGE = YES_ERROR;
				CLANG_WARN_DOCUMENTATION_COMMENTS = YES;
				CLANG_WARN_EMPTY_BODY = YES;
				CLANG_WARN_ENUM_CONVERSION = YES;
				CLANG_WARN_INFINITE_RECURSION = YES;
				CLANG_WARN_INT_CONVERSION = YES;
				CLANG_WARN_NON_LITERAL_NULL_CONVERSION = YES;
				CLANG_WARN_OBJC_IMPLICIT_RETAIN_SELF = YES;
				CLANG_WARN_OBJC_LITERAL_CONVERSION = YES;
				CLANG_WARN_OBJC_ROOT_CLASS = YES_ERROR;
				CLANG_WARN_RANGE_LOOP_ANALYSIS = YES;
				CLANG_WARN_STRICT_PROTOTYPES = YES;
				CLANG_WARN_SUSPICIOUS_MOVE = YES;
				CLANG_WARN_UNGUARDED_AVAILABILITY = YES_AGGRESSIVE;
				CLANG_WARN_UNREACHABLE_CODE = YES;
				CLANG_WARN__DUPLICATE_METHOD_MATCH = YES;
				CODE_SIGN_IDENTITY = "iPhone Developer";
				COPY_PHASE_STRIP = NO;
				DEBUG_INFORMATION_FORMAT = "dwarf-with-dsym";
				ENABLE_NS_ASSERTIONS = NO;
				ENABLE_STRICT_OBJC_MSGSEND = YES;
				GCC_C_LANGUAGE_STANDARD = gnu11;
				GCC_NO_COMMON_BLOCKS = YES;
				GCC_WARN_64_TO_32_BIT_CONVERSION = YES;
				GCC_WARN_ABOUT_RETURN_TYPE = YES_ERROR;
				GCC_WARN_UNDECLARED_SELECTOR = YES;
				GCC_WARN_UNINITIALIZED_AUTOS = YES_AGGRESSIVE;
				GCC_WARN_UNUSED_FUNCTION = YES;
				GCC_WARN_UNUSED_VARIABLE = YES;
				IPHONEOS_DEPLOYMENT_TARGET = 12.0;
				MTL_ENABLE_DEBUG_INFO = NO;
				MTL_FAST_MATH = YES;
				SDKROOT = iphoneos;
				SWIFT_COMPILATION_MODE = wholemodule;
				SWIFT_OPTIMIZATION_LEVEL = "-O";
				VALIDATE_PRODUCT = YES;
			};
			name = Release;
		};
		47694032215ECEA700D4F415 /* Debug */ = {
			isa = XCBuildConfiguration;
			buildSettings = {
				ASSETCATALOG_COMPILER_APPICON_NAME = AppIcon;
				CODE_SIGN_STYLE = Automatic;
				DEVELOPMENT_TEAM = QR594S5F36;
				INFOPLIST_FILE = "w3lcome-id/Info.plist";
				LD_RUNPATH_SEARCH_PATHS = (
					"$(inherited)",
					"@executable_path/Frameworks",
				);
				PRODUCT_BUNDLE_IDENTIFIER = "rocket.milk.w3lcome-id";
				PRODUCT_NAME = "$(TARGET_NAME)";
				SWIFT_VERSION = 4.2;
				TARGETED_DEVICE_FAMILY = "1,2";
			};
			name = Debug;
		};
		47694033215ECEA700D4F415 /* Release */ = {
			isa = XCBuildConfiguration;
			buildSettings = {
				ASSETCATALOG_COMPILER_APPICON_NAME = AppIcon;
				CODE_SIGN_STYLE = Automatic;
				DEVELOPMENT_TEAM = QR594S5F36;
				INFOPLIST_FILE = "w3lcome-id/Info.plist";
				LD_RUNPATH_SEARCH_PATHS = (
					"$(inherited)",
					"@executable_path/Frameworks",
				);
				PRODUCT_BUNDLE_IDENTIFIER = "rocket.milk.w3lcome-id";
				PRODUCT_NAME = "$(TARGET_NAME)";
				SWIFT_VERSION = 4.2;
				TARGETED_DEVICE_FAMILY = "1,2";
			};
			name = Release;
		};
/* End XCBuildConfiguration section */

/* Begin XCConfigurationList section */
		47694018215ECEA600D4F415 /* Build configuration list for PBXProject "w3lcome-id" */ = {
			isa = XCConfigurationList;
			buildConfigurations = (
				4769402F215ECEA700D4F415 /* Debug */,
				47694030215ECEA700D4F415 /* Release */,
			);
			defaultConfigurationIsVisible = 0;
			defaultConfigurationName = Release;
		};
		47694031215ECEA700D4F415 /* Build configuration list for PBXNativeTarget "w3lcome-id" */ = {
			isa = XCConfigurationList;
			buildConfigurations = (
				47694032215ECEA700D4F415 /* Debug */,
				47694033215ECEA700D4F415 /* Release */,
			);
			defaultConfigurationIsVisible = 0;
			defaultConfigurationName = Release;
		};
/* End XCConfigurationList section */
	};
	rootObject = 47694015215ECEA600D4F415 /* Project object */;
}
