// !$*UTF8*$!
{
	archiveVersion = 1;
	classes = {
	};
	objectVersion = 50;
	objects = {

/* Begin PBXBuildFile section */
		A062EA53213F3BF00078CE57 /* VisualRecognitionV3.framework in Frameworks */ = {isa = PBXBuildFile; fileRef = A062EA50213F3BF00078CE57 /* VisualRecognitionV3.framework */; };
		A062EA54213F3BF00078CE57 /* VisualRecognitionV3.framework in Embed Frameworks */ = {isa = PBXBuildFile; fileRef = A062EA50213F3BF00078CE57 /* VisualRecognitionV3.framework */; settings = {ATTRIBUTES = (CodeSignOnCopy, RemoveHeadersOnCopy, ); }; };
		A062EA55213F3BF00078CE57 /* SVProgressHUD.framework in Frameworks */ = {isa = PBXBuildFile; fileRef = A062EA51213F3BF00078CE57 /* SVProgressHUD.framework */; };
		A062EA56213F3BF00078CE57 /* SVProgressHUD.framework in Embed Frameworks */ = {isa = PBXBuildFile; fileRef = A062EA51213F3BF00078CE57 /* SVProgressHUD.framework */; settings = {ATTRIBUTES = (CodeSignOnCopy, RemoveHeadersOnCopy, ); }; };
		A062EA57213F3BF00078CE57 /* RestKit.framework in Frameworks */ = {isa = PBXBuildFile; fileRef = A062EA52213F3BF00078CE57 /* RestKit.framework */; };
		A062EA58213F3BF00078CE57 /* RestKit.framework in Embed Frameworks */ = {isa = PBXBuildFile; fileRef = A062EA52213F3BF00078CE57 /* RestKit.framework */; settings = {ATTRIBUTES = (CodeSignOnCopy, RemoveHeadersOnCopy, ); }; };
		A0CDCAF3213EE75600F342D5 /* AppDelegate.swift in Sources */ = {isa = PBXBuildFile; fileRef = A0CDCAF2213EE75600F342D5 /* AppDelegate.swift */; };
		A0CDCAF5213EE75600F342D5 /* ViewController.swift in Sources */ = {isa = PBXBuildFile; fileRef = A0CDCAF4213EE75600F342D5 /* ViewController.swift */; };
		A0CDCAF8213EE75600F342D5 /* Main.storyboard in Resources */ = {isa = PBXBuildFile; fileRef = A0CDCAF6213EE75600F342D5 /* Main.storyboard */; };
		A0CDCAFA213EE75600F342D5 /* Assets.xcassets in Resources */ = {isa = PBXBuildFile; fileRef = A0CDCAF9213EE75600F342D5 /* Assets.xcassets */; };
		A0CDCAFD213EE75600F342D5 /* LaunchScreen.storyboard in Resources */ = {isa = PBXBuildFile; fileRef = A0CDCAFB213EE75600F342D5 /* LaunchScreen.storyboard */; };
/* End PBXBuildFile section */

/* Begin PBXCopyFilesBuildPhase section */
		A062EA59213F3BF00078CE57 /* Embed Frameworks */ = {
			isa = PBXCopyFilesBuildPhase;
			buildActionMask = 2147483647;
			dstPath = "";
			dstSubfolderSpec = 10;
			files = (
				A062EA56213F3BF00078CE57 /* SVProgressHUD.framework in Embed Frameworks */,
				A062EA54213F3BF00078CE57 /* VisualRecognitionV3.framework in Embed Frameworks */,
				A062EA58213F3BF00078CE57 /* RestKit.framework in Embed Frameworks */,
			);
			name = "Embed Frameworks";
			runOnlyForDeploymentPostprocessing = 0;
		};
/* End PBXCopyFilesBuildPhase section */

/* Begin PBXFileReference section */
		A062EA50213F3BF00078CE57 /* VisualRecognitionV3.framework */ = {isa = PBXFileReference; lastKnownFileType = wrapper.framework; name = VisualRecognitionV3.framework; path = "Carthage-Binaries/Carthage/Build/iOS/VisualRecognitionV3.framework"; sourceTree = "<group>"; };
		A062EA51213F3BF00078CE57 /* SVProgressHUD.framework */ = {isa = PBXFileReference; lastKnownFileType = wrapper.framework; name = SVProgressHUD.framework; path = "Carthage-Binaries/Carthage/Build/iOS/SVProgressHUD.framework"; sourceTree = "<group>"; };
		A062EA52213F3BF00078CE57 /* RestKit.framework */ = {isa = PBXFileReference; lastKnownFileType = wrapper.framework; name = RestKit.framework; path = "Carthage-Binaries/Carthage/Build/iOS/RestKit.framework"; sourceTree = "<group>"; };
		A0CDCAEF213EE75600F342D5 /* which-obj-ibm.app */ = {isa = PBXFileReference; explicitFileType = wrapper.application; includeInIndex = 0; path = "which-obj-ibm.app"; sourceTree = BUILT_PRODUCTS_DIR; };
		A0CDCAF2213EE75600F342D5 /* AppDelegate.swift */ = {isa = PBXFileReference; lastKnownFileType = sourcecode.swift; path = AppDelegate.swift; sourceTree = "<group>"; };
		A0CDCAF4213EE75600F342D5 /* ViewController.swift */ = {isa = PBXFileReference; lastKnownFileType = sourcecode.swift; path = ViewController.swift; sourceTree = "<group>"; };
		A0CDCAF7213EE75600F342D5 /* Base */ = {isa = PBXFileReference; lastKnownFileType = file.storyboard; name = Base; path = Base.lproj/Main.storyboard; sourceTree = "<group>"; };
		A0CDCAF9213EE75600F342D5 /* Assets.xcassets */ = {isa = PBXFileReference; lastKnownFileType = folder.assetcatalog; path = Assets.xcassets; sourceTree = "<group>"; };
		A0CDCAFC213EE75600F342D5 /* Base */ = {isa = PBXFileReference; lastKnownFileType = file.storyboard; name = Base; path = Base.lproj/LaunchScreen.storyboard; sourceTree = "<group>"; };
		A0CDCAFE213EE75600F342D5 /* Info.plist */ = {isa = PBXFileReference; lastKnownFileType = text.plist.xml; path = Info.plist; sourceTree = "<group>"; };
/* End PBXFileReference section */

/* Begin PBXFrameworksBuildPhase section */
		A0CDCAEC213EE75600F342D5 /* Frameworks */ = {
			isa = PBXFrameworksBuildPhase;
			buildActionMask = 2147483647;
			files = (
				A062EA55213F3BF00078CE57 /* SVProgressHUD.framework in Frameworks */,
				A062EA53213F3BF00078CE57 /* VisualRecognitionV3.framework in Frameworks */,
				A062EA57213F3BF00078CE57 /* RestKit.framework in Frameworks */,
			);
			runOnlyForDeploymentPostprocessing = 0;
		};
/* End PBXFrameworksBuildPhase section */

/* Begin PBXGroup section */
		A0CDCAE6213EE75600F342D5 = {
			isa = PBXGroup;
			children = (
				A062EA52213F3BF00078CE57 /* RestKit.framework */,
				A062EA51213F3BF00078CE57 /* SVProgressHUD.framework */,
				A062EA50213F3BF00078CE57 /* VisualRecognitionV3.framework */,
				A0CDCAF1213EE75600F342D5 /* which-obj-ibm */,
				A0CDCAF0213EE75600F342D5 /* Products */,
			);
			sourceTree = "<group>";
		};
		A0CDCAF0213EE75600F342D5 /* Products */ = {
			isa = PBXGroup;
			children = (
				A0CDCAEF213EE75600F342D5 /* which-obj-ibm.app */,
			);
			name = Products;
			sourceTree = "<group>";
		};
		A0CDCAF1213EE75600F342D5 /* which-obj-ibm */ = {
			isa = PBXGroup;
			children = (
				A0CDCAF2213EE75600F342D5 /* AppDelegate.swift */,
				A0CDCAF4213EE75600F342D5 /* ViewController.swift */,
				A0CDCAF6213EE75600F342D5 /* Main.storyboard */,
				A0CDCAF9213EE75600F342D5 /* Assets.xcassets */,
				A0CDCAFB213EE75600F342D5 /* LaunchScreen.storyboard */,
				A0CDCAFE213EE75600F342D5 /* Info.plist */,
			);
			path = "which-obj-ibm";
			sourceTree = "<group>";
		};
/* End PBXGroup section */

/* Begin PBXNativeTarget section */
		A0CDCAEE213EE75600F342D5 /* which-obj-ibm */ = {
			isa = PBXNativeTarget;
			buildConfigurationList = A0CDCB01213EE75600F342D5 /* Build configuration list for PBXNativeTarget "which-obj-ibm" */;
			buildPhases = (
				A0CDCAEB213EE75600F342D5 /* Sources */,
				A0CDCAEC213EE75600F342D5 /* Frameworks */,
				A0CDCAED213EE75600F342D5 /* Resources */,
				A062EA59213F3BF00078CE57 /* Embed Frameworks */,
			);
			buildRules = (
			);
			dependencies = (
			);
			name = "which-obj-ibm";
			productName = "which-obj-ibm";
			productReference = A0CDCAEF213EE75600F342D5 /* which-obj-ibm.app */;
			productType = "com.apple.product-type.application";
		};
/* End PBXNativeTarget section */

/* Begin PBXProject section */
		A0CDCAE7213EE75600F342D5 /* Project object */ = {
			isa = PBXProject;
			attributes = {
				LastSwiftUpdateCheck = 0940;
				LastUpgradeCheck = 0940;
				ORGANIZATIONNAME = "Lucas Cotta";
				TargetAttributes = {
					A0CDCAEE213EE75600F342D5 = {
						CreatedOnToolsVersion = 9.4.1;
					};
				};
			};
			buildConfigurationList = A0CDCAEA213EE75600F342D5 /* Build configuration list for PBXProject "which-obj-ibm" */;
			compatibilityVersion = "Xcode 9.3";
			developmentRegion = en;
			hasScannedForEncodings = 0;
			knownRegions = (
				en,
				Base,
			);
			mainGroup = A0CDCAE6213EE75600F342D5;
			productRefGroup = A0CDCAF0213EE75600F342D5 /* Products */;
			projectDirPath = "";
			projectRoot = "";
			targets = (
				A0CDCAEE213EE75600F342D5 /* which-obj-ibm */,
			);
		};
/* End PBXProject section */

/* Begin PBXResourcesBuildPhase section */
		A0CDCAED213EE75600F342D5 /* Resources */ = {
			isa = PBXResourcesBuildPhase;
			buildActionMask = 2147483647;
			files = (
				A0CDCAFD213EE75600F342D5 /* LaunchScreen.storyboard in Resources */,
				A0CDCAFA213EE75600F342D5 /* Assets.xcassets in Resources */,
				A0CDCAF8213EE75600F342D5 /* Main.storyboard in Resources */,
			);
			runOnlyForDeploymentPostprocessing = 0;
		};
/* End PBXResourcesBuildPhase section */

/* Begin PBXSourcesBuildPhase section */
		A0CDCAEB213EE75600F342D5 /* Sources */ = {
			isa = PBXSourcesBuildPhase;
			buildActionMask = 2147483647;
			files = (
				A0CDCAF5213EE75600F342D5 /* ViewController.swift in Sources */,
				A0CDCAF3213EE75600F342D5 /* AppDelegate.swift in Sources */,
			);
			runOnlyForDeploymentPostprocessing = 0;
		};
/* End PBXSourcesBuildPhase section */

/* Begin PBXVariantGroup section */
		A0CDCAF6213EE75600F342D5 /* Main.storyboard */ = {
			isa = PBXVariantGroup;
			children = (
				A0CDCAF7213EE75600F342D5 /* Base */,
			);
			name = Main.storyboard;
			sourceTree = "<group>";
		};
		A0CDCAFB213EE75600F342D5 /* LaunchScreen.storyboard */ = {
			isa = PBXVariantGroup;
			children = (
				A0CDCAFC213EE75600F342D5 /* Base */,
			);
			name = LaunchScreen.storyboard;
			sourceTree = "<group>";
		};
/* End PBXVariantGroup section */

/* Begin XCBuildConfiguration section */
		A0CDCAFF213EE75600F342D5 /* Debug */ = {
			isa = XCBuildConfiguration;
			buildSettings = {
				ALWAYS_SEARCH_USER_PATHS = NO;
				CLANG_ANALYZER_NONNULL = YES;
				CLANG_ANALYZER_NUMBER_OBJECT_CONVERSION = YES_AGGRESSIVE;
				CLANG_CXX_LANGUAGE_STANDARD = "gnu++14";
				CLANG_CXX_LIBRARY = "libc++";
				CLANG_ENABLE_MODULES = YES;
				CLANG_ENABLE_OBJC_ARC = YES;
				CLANG_ENABLE_OBJC_WEAK = YES;
				CLANG_WARN_BLOCK_CAPTURE_AUTORELEASING = YES;
				CLANG_WARN_BOOL_CONVERSION = YES;
				CLANG_WARN_COMMA = YES;
				CLANG_WARN_CONSTANT_CONVERSION = YES;
				CLANG_WARN_DEPRECATED_OBJC_IMPLEMENTATIONS = YES;
				CLANG_WARN_DIRECT_OBJC_ISA_USAGE = YES_ERROR;
				CLANG_WARN_DOCUMENTATION_COMMENTS = YES;
				CLANG_WARN_EMPTY_BODY = YES;
				CLANG_WARN_ENUM_CONVERSION = YES;
				CLANG_WARN_INFINITE_RECURSION = YES;
				CLANG_WARN_INT_CONVERSION = YES;
				CLANG_WARN_NON_LITERAL_NULL_CONVERSION = YES;
				CLANG_WARN_OBJC_IMPLICIT_RETAIN_SELF = YES;
				CLANG_WARN_OBJC_LITERAL_CONVERSION = YES;
				CLANG_WARN_OBJC_ROOT_CLASS = YES_ERROR;
				CLANG_WARN_RANGE_LOOP_ANALYSIS = YES;
				CLANG_WARN_STRICT_PROTOTYPES = YES;
				CLANG_WARN_SUSPICIOUS_MOVE = YES;
				CLANG_WARN_UNGUARDED_AVAILABILITY = YES_AGGRESSIVE;
				CLANG_WARN_UNREACHABLE_CODE = YES;
				CLANG_WARN__DUPLICATE_METHOD_MATCH = YES;
				CODE_SIGN_IDENTITY = "iPhone Developer";
				COPY_PHASE_STRIP = NO;
				DEBUG_INFORMATION_FORMAT = dwarf;
				ENABLE_STRICT_OBJC_MSGSEND = YES;
				ENABLE_TESTABILITY = YES;
				GCC_C_LANGUAGE_STANDARD = gnu11;
				GCC_DYNAMIC_NO_PIC = NO;
				GCC_NO_COMMON_BLOCKS = YES;
				GCC_OPTIMIZATION_LEVEL = 0;
				GCC_PREPROCESSOR_DEFINITIONS = (
					"DEBUG=1",
					"$(inherited)",
				);
				GCC_WARN_64_TO_32_BIT_CONVERSION = YES;
				GCC_WARN_ABOUT_RETURN_TYPE = YES_ERROR;
				GCC_WARN_UNDECLARED_SELECTOR = YES;
				GCC_WARN_UNINITIALIZED_AUTOS = YES_AGGRESSIVE;
				GCC_WARN_UNUSED_FUNCTION = YES;
				GCC_WARN_UNUSED_VARIABLE = YES;
				IPHONEOS_DEPLOYMENT_TARGET = 11.4;
				MTL_ENABLE_DEBUG_INFO = YES;
				ONLY_ACTIVE_ARCH = YES;
				SDKROOT = iphoneos;
				SWIFT_ACTIVE_COMPILATION_CONDITIONS = DEBUG;
				SWIFT_OPTIMIZATION_LEVEL = "-Onone";
			};
			name = Debug;
		};
		A0CDCB00213EE75600F342D5 /* Release */ = {
			isa = XCBuildConfiguration;
			buildSettings = {
				ALWAYS_SEARCH_USER_PATHS = NO;
				CLANG_ANALYZER_NONNULL = YES;
				CLANG_ANALYZER_NUMBER_OBJECT_CONVERSION = YES_AGGRESSIVE;
				CLANG_CXX_LANGUAGE_STANDARD = "gnu++14";
				CLANG_CXX_LIBRARY = "libc++";
				CLANG_ENABLE_MODULES = YES;
				CLANG_ENABLE_OBJC_ARC = YES;
				CLANG_ENABLE_OBJC_WEAK = YES;
				CLANG_WARN_BLOCK_CAPTURE_AUTORELEASING = YES;
				CLANG_WARN_BOOL_CONVERSION = YES;
				CLANG_WARN_COMMA = YES;
				CLANG_WARN_CONSTANT_CONVERSION = YES;
				CLANG_WARN_DEPRECATED_OBJC_IMPLEMENTATIONS = YES;
				CLANG_WARN_DIRECT_OBJC_ISA_USAGE = YES_ERROR;
				CLANG_WARN_DOCUMENTATION_COMMENTS = YES;
				CLANG_WARN_EMPTY_BODY = YES;
				CLANG_WARN_ENUM_CONVERSION = YES;
				CLANG_WARN_INFINITE_RECURSION = YES;
				CLANG_WARN_INT_CONVERSION = YES;
				CLANG_WARN_NON_LITERAL_NULL_CONVERSION = YES;
				CLANG_WARN_OBJC_IMPLICIT_RETAIN_SELF = YES;
				CLANG_WARN_OBJC_LITERAL_CONVERSION = YES;
				CLANG_WARN_OBJC_ROOT_CLASS = YES_ERROR;
				CLANG_WARN_RANGE_LOOP_ANALYSIS = YES;
				CLANG_WARN_STRICT_PROTOTYPES = YES;
				CLANG_WARN_SUSPICIOUS_MOVE = YES;
				CLANG_WARN_UNGUARDED_AVAILABILITY = YES_AGGRESSIVE;
				CLANG_WARN_UNREACHABLE_CODE = YES;
				CLANG_WARN__DUPLICATE_METHOD_MATCH = YES;
				CODE_SIGN_IDENTITY = "iPhone Developer";
				COPY_PHASE_STRIP = NO;
				DEBUG_INFORMATION_FORMAT = "dwarf-with-dsym";
				ENABLE_NS_ASSERTIONS = NO;
				ENABLE_STRICT_OBJC_MSGSEND = YES;
				GCC_C_LANGUAGE_STANDARD = gnu11;
				GCC_NO_COMMON_BLOCKS = YES;
				GCC_WARN_64_TO_32_BIT_CONVERSION = YES;
				GCC_WARN_ABOUT_RETURN_TYPE = YES_ERROR;
				GCC_WARN_UNDECLARED_SELECTOR = YES;
				GCC_WARN_UNINITIALIZED_AUTOS = YES_AGGRESSIVE;
				GCC_WARN_UNUSED_FUNCTION = YES;
				GCC_WARN_UNUSED_VARIABLE = YES;
				IPHONEOS_DEPLOYMENT_TARGET = 11.4;
				MTL_ENABLE_DEBUG_INFO = NO;
				SDKROOT = iphoneos;
				SWIFT_COMPILATION_MODE = wholemodule;
				SWIFT_OPTIMIZATION_LEVEL = "-O";
				VALIDATE_PRODUCT = YES;
			};
			name = Release;
		};
		A0CDCB02213EE75600F342D5 /* Debug */ = {
			isa = XCBuildConfiguration;
			buildSettings = {
				ASSETCATALOG_COMPILER_APPICON_NAME = AppIcon;
				CODE_SIGN_STYLE = Automatic;
				DEVELOPMENT_TEAM = QR594S5F36;
				FRAMEWORK_SEARCH_PATHS = (
					"$(inherited)",
					"$(PROJECT_DIR)/Carthage-Binaries/Carthage/Build/iOS",
				);
				INFOPLIST_FILE = "which-obj-ibm/Info.plist";
				LD_RUNPATH_SEARCH_PATHS = (
					"$(inherited)",
					"@executable_path/Frameworks",
				);
				PRODUCT_BUNDLE_IDENTIFIER = "com.rocketmilk.class.which-objc-ibm";
				PRODUCT_NAME = "$(TARGET_NAME)";
				SWIFT_VERSION = 4.0;
				TARGETED_DEVICE_FAMILY = "1,2";
			};
			name = Debug;
		};
		A0CDCB03213EE75600F342D5 /* Release */ = {
			isa = XCBuildConfiguration;
			buildSettings = {
				ASSETCATALOG_COMPILER_APPICON_NAME = AppIcon;
				CODE_SIGN_STYLE = Automatic;
				DEVELOPMENT_TEAM = QR594S5F36;
				FRAMEWORK_SEARCH_PATHS = (
					"$(inherited)",
					"$(PROJECT_DIR)/Carthage-Binaries/Carthage/Build/iOS",
				);
				INFOPLIST_FILE = "which-obj-ibm/Info.plist";
				LD_RUNPATH_SEARCH_PATHS = (
					"$(inherited)",
					"@executable_path/Frameworks",
				);
				PRODUCT_BUNDLE_IDENTIFIER = "com.rocketmilk.class.which-objc-ibm";
				PRODUCT_NAME = "$(TARGET_NAME)";
				SWIFT_VERSION = 4.0;
				TARGETED_DEVICE_FAMILY = "1,2";
			};
			name = Release;
		};
/* End XCBuildConfiguration section */

/* Begin XCConfigurationList section */
		A0CDCAEA213EE75600F342D5 /* Build configuration list for PBXProject "which-obj-ibm" */ = {
			isa = XCConfigurationList;
			buildConfigurations = (
				A0CDCAFF213EE75600F342D5 /* Debug */,
				A0CDCB00213EE75600F342D5 /* Release */,
			);
			defaultConfigurationIsVisible = 0;
			defaultConfigurationName = Release;
		};
		A0CDCB01213EE75600F342D5 /* Build configuration list for PBXNativeTarget "which-obj-ibm" */ = {
			isa = XCConfigurationList;
			buildConfigurations = (
				A0CDCB02213EE75600F342D5 /* Debug */,
				A0CDCB03213EE75600F342D5 /* Release */,
			);
			defaultConfigurationIsVisible = 0;
			defaultConfigurationName = Release;
		};
/* End XCConfigurationList section */
	};
	rootObject = A0CDCAE7213EE75600F342D5 /* Project object */;
}
