// !$*UTF8*$!
{
	archiveVersion = 1;
	classes = {
	};
	objectVersion = 50;
	objects = {

/* Begin PBXBuildFile section */
		A004B63A20FE5D6700F881EE /* AppDelegate.swift in Sources */ = {isa = PBXBuildFile; fileRef = A004B63920FE5D6700F881EE /* AppDelegate.swift */; };
		A004B63C20FE5D6700F881EE /* ViewController.swift in Sources */ = {isa = PBXBuildFile; fileRef = A004B63B20FE5D6700F881EE /* ViewController.swift */; };
		A004B63F20FE5D6700F881EE /* Main.storyboard in Resources */ = {isa = PBXBuildFile; fileRef = A004B63D20FE5D6700F881EE /* Main.storyboard */; };
		A004B64120FE5D6B00F881EE /* Assets.xcassets in Resources */ = {isa = PBXBuildFile; fileRef = A004B64020FE5D6B00F881EE /* Assets.xcassets */; };
		A004B64420FE5D6B00F881EE /* LaunchScreen.storyboard in Resources */ = {isa = PBXBuildFile; fileRef = A004B64220FE5D6B00F881EE /* LaunchScreen.storyboard */; };
		C995A2917BCDC7721F934359 /* Pods_W3lcome_Face_Comparison.framework in Frameworks */ = {isa = PBXBuildFile; fileRef = 0B8580F061A8E0D8FD931354 /* Pods_W3lcome_Face_Comparison.framework */; };
/* End PBXBuildFile section */

/* Begin PBXFileReference section */
		0B8580F061A8E0D8FD931354 /* Pods_W3lcome_Face_Comparison.framework */ = {isa = PBXFileReference; explicitFileType = wrapper.framework; includeInIndex = 0; path = Pods_W3lcome_Face_Comparison.framework; sourceTree = BUILT_PRODUCTS_DIR; };
		A004B63620FE5D6700F881EE /* W3lcome Face Comparison.app */ = {isa = PBXFileReference; explicitFileType = wrapper.application; includeInIndex = 0; path = "W3lcome Face Comparison.app"; sourceTree = BUILT_PRODUCTS_DIR; };
		A004B63920FE5D6700F881EE /* AppDelegate.swift */ = {isa = PBXFileReference; lastKnownFileType = sourcecode.swift; path = AppDelegate.swift; sourceTree = "<group>"; };
		A004B63B20FE5D6700F881EE /* ViewController.swift */ = {isa = PBXFileReference; lastKnownFileType = sourcecode.swift; path = ViewController.swift; sourceTree = "<group>"; };
		A004B63E20FE5D6700F881EE /* Base */ = {isa = PBXFileReference; lastKnownFileType = file.storyboard; name = Base; path = Base.lproj/Main.storyboard; sourceTree = "<group>"; };
		A004B64020FE5D6B00F881EE /* Assets.xcassets */ = {isa = PBXFileReference; lastKnownFileType = folder.assetcatalog; path = Assets.xcassets; sourceTree = "<group>"; };
		A004B64320FE5D6B00F881EE /* Base */ = {isa = PBXFileReference; lastKnownFileType = file.storyboard; name = Base; path = Base.lproj/LaunchScreen.storyboard; sourceTree = "<group>"; };
		A004B64520FE5D6B00F881EE /* Info.plist */ = {isa = PBXFileReference; lastKnownFileType = text.plist.xml; path = Info.plist; sourceTree = "<group>"; };
		C6D4DE6052AEFB235AC10C56 /* Pods-W3lcome Face Comparison.release.xcconfig */ = {isa = PBXFileReference; includeInIndex = 1; lastKnownFileType = text.xcconfig; name = "Pods-W3lcome Face Comparison.release.xcconfig"; path = "Pods/Target Support Files/Pods-W3lcome Face Comparison/Pods-W3lcome Face Comparison.release.xcconfig"; sourceTree = "<group>"; };
		E8C0EC41301EA273B72BD093 /* Pods-W3lcome Face Comparison.debug.xcconfig */ = {isa = PBXFileReference; includeInIndex = 1; lastKnownFileType = text.xcconfig; name = "Pods-W3lcome Face Comparison.debug.xcconfig"; path = "Pods/Target Support Files/Pods-W3lcome Face Comparison/Pods-W3lcome Face Comparison.debug.xcconfig"; sourceTree = "<group>"; };
/* End PBXFileReference section */

/* Begin PBXFrameworksBuildPhase section */
		A004B63320FE5D6700F881EE /* Frameworks */ = {
			isa = PBXFrameworksBuildPhase;
			buildActionMask = 2147483647;
			files = (
				C995A2917BCDC7721F934359 /* Pods_W3lcome_Face_Comparison.framework in Frameworks */,
			);
			runOnlyForDeploymentPostprocessing = 0;
		};
/* End PBXFrameworksBuildPhase section */

/* Begin PBXGroup section */
		6E5F5FDB5A845DD0687B195F /* Frameworks */ = {
			isa = PBXGroup;
			children = (
				0B8580F061A8E0D8FD931354 /* Pods_W3lcome_Face_Comparison.framework */,
			);
			name = Frameworks;
			sourceTree = "<group>";
		};
		87D0A9FBB335C658A2E502DB /* Pods */ = {
			isa = PBXGroup;
			children = (
				E8C0EC41301EA273B72BD093 /* Pods-W3lcome Face Comparison.debug.xcconfig */,
				C6D4DE6052AEFB235AC10C56 /* Pods-W3lcome Face Comparison.release.xcconfig */,
			);
			name = Pods;
			sourceTree = "<group>";
		};
		A004B62D20FE5D6700F881EE = {
			isa = PBXGroup;
			children = (
				A004B63820FE5D6700F881EE /* W3lcome Face Comparison */,
				A004B63720FE5D6700F881EE /* Products */,
				87D0A9FBB335C658A2E502DB /* Pods */,
				6E5F5FDB5A845DD0687B195F /* Frameworks */,
			);
			sourceTree = "<group>";
		};
		A004B63720FE5D6700F881EE /* Products */ = {
			isa = PBXGroup;
			children = (
				A004B63620FE5D6700F881EE /* W3lcome Face Comparison.app */,
			);
			name = Products;
			sourceTree = "<group>";
		};
		A004B63820FE5D6700F881EE /* W3lcome Face Comparison */ = {
			isa = PBXGroup;
			children = (
				A004B63920FE5D6700F881EE /* AppDelegate.swift */,
				A004B63B20FE5D6700F881EE /* ViewController.swift */,
				A004B63D20FE5D6700F881EE /* Main.storyboard */,
				A004B64020FE5D6B00F881EE /* Assets.xcassets */,
				A004B64220FE5D6B00F881EE /* LaunchScreen.storyboard */,
				A004B64520FE5D6B00F881EE /* Info.plist */,
			);
			path = "W3lcome Face Comparison";
			sourceTree = "<group>";
		};
/* End PBXGroup section */

/* Begin PBXNativeTarget section */
		A004B63520FE5D6700F881EE /* W3lcome Face Comparison */ = {
			isa = PBXNativeTarget;
			buildConfigurationList = A004B64820FE5D6B00F881EE /* Build configuration list for PBXNativeTarget "W3lcome Face Comparison" */;
			buildPhases = (
				43B2CC440D1F07E7C402E0D7 /* [CP] Check Pods Manifest.lock */,
				A004B63220FE5D6700F881EE /* Sources */,
				A004B63320FE5D6700F881EE /* Frameworks */,
				A004B63420FE5D6700F881EE /* Resources */,
				71A82185B914ADFF734BA224 /* [CP] Embed Pods Frameworks */,
			);
			buildRules = (
			);
			dependencies = (
			);
			name = "W3lcome Face Comparison";
			productName = "W3lcome Face Comparison";
			productReference = A004B63620FE5D6700F881EE /* W3lcome Face Comparison.app */;
			productType = "com.apple.product-type.application";
		};
/* End PBXNativeTarget section */

/* Begin PBXProject section */
		A004B62E20FE5D6700F881EE /* Project object */ = {
			isa = PBXProject;
			attributes = {
				LastSwiftUpdateCheck = 0940;
				LastUpgradeCheck = 0940;
				ORGANIZATIONNAME = "Lucas Cotta";
				TargetAttributes = {
					A004B63520FE5D6700F881EE = {
						CreatedOnToolsVersion = 9.4.1;
					};
				};
			};
			buildConfigurationList = A004B63120FE5D6700F881EE /* Build configuration list for PBXProject "W3lcome Face Comparison" */;
			compatibilityVersion = "Xcode 9.3";
			developmentRegion = en;
			hasScannedForEncodings = 0;
			knownRegions = (
				en,
				Base,
			);
			mainGroup = A004B62D20FE5D6700F881EE;
			productRefGroup = A004B63720FE5D6700F881EE /* Products */;
			projectDirPath = "";
			projectRoot = "";
			targets = (
				A004B63520FE5D6700F881EE /* W3lcome Face Comparison */,
			);
		};
/* End PBXProject section */

/* Begin PBXResourcesBuildPhase section */
		A004B63420FE5D6700F881EE /* Resources */ = {
			isa = PBXResourcesBuildPhase;
			buildActionMask = 2147483647;
			files = (
				A004B64420FE5D6B00F881EE /* LaunchScreen.storyboard in Resources */,
				A004B64120FE5D6B00F881EE /* Assets.xcassets in Resources */,
				A004B63F20FE5D6700F881EE /* Main.storyboard in Resources */,
			);
			runOnlyForDeploymentPostprocessing = 0;
		};
/* End PBXResourcesBuildPhase section */

/* Begin PBXShellScriptBuildPhase section */
		43B2CC440D1F07E7C402E0D7 /* [CP] Check Pods Manifest.lock */ = {
			isa = PBXShellScriptBuildPhase;
			buildActionMask = 2147483647;
			files = (
			);
			inputPaths = (
				"${PODS_PODFILE_DIR_PATH}/Podfile.lock",
				"${PODS_ROOT}/Manifest.lock",
			);
			name = "[CP] Check Pods Manifest.lock";
			outputPaths = (
				"$(DERIVED_FILE_DIR)/Pods-W3lcome Face Comparison-checkManifestLockResult.txt",
			);
			runOnlyForDeploymentPostprocessing = 0;
			shellPath = /bin/sh;
			shellScript = "diff \"${PODS_PODFILE_DIR_PATH}/Podfile.lock\" \"${PODS_ROOT}/Manifest.lock\" > /dev/null\nif [ $? != 0 ] ; then\n    # print error to STDERR\n    echo \"error: The sandbox is not in sync with the Podfile.lock. Run 'pod install' or update your CocoaPods installation.\" >&2\n    exit 1\nfi\n# This output is used by Xcode 'outputs' to avoid re-running this script phase.\necho \"SUCCESS\" > \"${SCRIPT_OUTPUT_FILE_0}\"\n";
			showEnvVarsInLog = 0;
		};
		71A82185B914ADFF734BA224 /* [CP] Embed Pods Frameworks */ = {
			isa = PBXShellScriptBuildPhase;
			buildActionMask = 2147483647;
			files = (
			);
			inputPaths = (
				"${SRCROOT}/Pods/Target Support Files/Pods-W3lcome Face Comparison/Pods-W3lcome Face Comparison-frameworks.sh",
				"${BUILT_PRODUCTS_DIR}/AWSCognito/AWSCognito.framework",
				"${BUILT_PRODUCTS_DIR}/AWSCore/AWSCore.framework",
				"${BUILT_PRODUCTS_DIR}/AWSRekognition/AWSRekognition.framework",
				"${BUILT_PRODUCTS_DIR}/AWSS3/AWSS3.framework",
			);
			name = "[CP] Embed Pods Frameworks";
			outputPaths = (
				"${TARGET_BUILD_DIR}/${FRAMEWORKS_FOLDER_PATH}/AWSCognito.framework",
				"${TARGET_BUILD_DIR}/${FRAMEWORKS_FOLDER_PATH}/AWSCore.framework",
				"${TARGET_BUILD_DIR}/${FRAMEWORKS_FOLDER_PATH}/AWSRekognition.framework",
				"${TARGET_BUILD_DIR}/${FRAMEWORKS_FOLDER_PATH}/AWSS3.framework",
			);
			runOnlyForDeploymentPostprocessing = 0;
			shellPath = /bin/sh;
			shellScript = "\"${SRCROOT}/Pods/Target Support Files/Pods-W3lcome Face Comparison/Pods-W3lcome Face Comparison-frameworks.sh\"\n";
			showEnvVarsInLog = 0;
		};
/* End PBXShellScriptBuildPhase section */

/* Begin PBXSourcesBuildPhase section */
		A004B63220FE5D6700F881EE /* Sources */ = {
			isa = PBXSourcesBuildPhase;
			buildActionMask = 2147483647;
			files = (
				A004B63C20FE5D6700F881EE /* ViewController.swift in Sources */,
				A004B63A20FE5D6700F881EE /* AppDelegate.swift in Sources */,
			);
			runOnlyForDeploymentPostprocessing = 0;
		};
/* End PBXSourcesBuildPhase section */

/* Begin PBXVariantGroup section */
		A004B63D20FE5D6700F881EE /* Main.storyboard */ = {
			isa = PBXVariantGroup;
			children = (
				A004B63E20FE5D6700F881EE /* Base */,
			);
			name = Main.storyboard;
			sourceTree = "<group>";
		};
		A004B64220FE5D6B00F881EE /* LaunchScreen.storyboard */ = {
			isa = PBXVariantGroup;
			children = (
				A004B64320FE5D6B00F881EE /* Base */,
			);
			name = LaunchScreen.storyboard;
			sourceTree = "<group>";
		};
/* End PBXVariantGroup section */

/* Begin XCBuildConfiguration section */
		A004B64620FE5D6B00F881EE /* Debug */ = {
			isa = XCBuildConfiguration;
			buildSettings = {
				ALWAYS_SEARCH_USER_PATHS = NO;
				CLANG_ANALYZER_NONNULL = YES;
				CLANG_ANALYZER_NUMBER_OBJECT_CONVERSION = YES_AGGRESSIVE;
				CLANG_CXX_LANGUAGE_STANDARD = "gnu++14";
				CLANG_CXX_LIBRARY = "libc++";
				CLANG_ENABLE_MODULES = YES;
				CLANG_ENABLE_OBJC_ARC = YES;
				CLANG_ENABLE_OBJC_WEAK = YES;
				CLANG_WARN_BLOCK_CAPTURE_AUTORELEASING = YES;
				CLANG_WARN_BOOL_CONVERSION = YES;
				CLANG_WARN_COMMA = YES;
				CLANG_WARN_CONSTANT_CONVERSION = YES;
				CLANG_WARN_DEPRECATED_OBJC_IMPLEMENTATIONS = YES;
				CLANG_WARN_DIRECT_OBJC_ISA_USAGE = YES_ERROR;
				CLANG_WARN_DOCUMENTATION_COMMENTS = YES;
				CLANG_WARN_EMPTY_BODY = YES;
				CLANG_WARN_ENUM_CONVERSION = YES;
				CLANG_WARN_INFINITE_RECURSION = YES;
				CLANG_WARN_INT_CONVERSION = YES;
				CLANG_WARN_NON_LITERAL_NULL_CONVERSION = YES;
				CLANG_WARN_OBJC_IMPLICIT_RETAIN_SELF = YES;
				CLANG_WARN_OBJC_LITERAL_CONVERSION = YES;
				CLANG_WARN_OBJC_ROOT_CLASS = YES_ERROR;
				CLANG_WARN_RANGE_LOOP_ANALYSIS = YES;
				CLANG_WARN_STRICT_PROTOTYPES = YES;
				CLANG_WARN_SUSPICIOUS_MOVE = YES;
				CLANG_WARN_UNGUARDED_AVAILABILITY = YES_AGGRESSIVE;
				CLANG_WARN_UNREACHABLE_CODE = YES;
				CLANG_WARN__DUPLICATE_METHOD_MATCH = YES;
				CODE_SIGN_IDENTITY = "iPhone Developer";
				COPY_PHASE_STRIP = NO;
				DEBUG_INFORMATION_FORMAT = dwarf;
				ENABLE_STRICT_OBJC_MSGSEND = YES;
				ENABLE_TESTABILITY = YES;
				GCC_C_LANGUAGE_STANDARD = gnu11;
				GCC_DYNAMIC_NO_PIC = NO;
				GCC_NO_COMMON_BLOCKS = YES;
				GCC_OPTIMIZATION_LEVEL = 0;
				GCC_PREPROCESSOR_DEFINITIONS = (
					"DEBUG=1",
					"$(inherited)",
				);
				GCC_WARN_64_TO_32_BIT_CONVERSION = YES;
				GCC_WARN_ABOUT_RETURN_TYPE = YES_ERROR;
				GCC_WARN_UNDECLARED_SELECTOR = YES;
				GCC_WARN_UNINITIALIZED_AUTOS = YES_AGGRESSIVE;
				GCC_WARN_UNUSED_FUNCTION = YES;
				GCC_WARN_UNUSED_VARIABLE = YES;
				IPHONEOS_DEPLOYMENT_TARGET = 11.4;
				MTL_ENABLE_DEBUG_INFO = YES;
				ONLY_ACTIVE_ARCH = YES;
				SDKROOT = iphoneos;
				SWIFT_ACTIVE_COMPILATION_CONDITIONS = DEBUG;
				SWIFT_OPTIMIZATION_LEVEL = "-Onone";
			};
			name = Debug;
		};
		A004B64720FE5D6B00F881EE /* Release */ = {
			isa = XCBuildConfiguration;
			buildSettings = {
				ALWAYS_SEARCH_USER_PATHS = NO;
				CLANG_ANALYZER_NONNULL = YES;
				CLANG_ANALYZER_NUMBER_OBJECT_CONVERSION = YES_AGGRESSIVE;
				CLANG_CXX_LANGUAGE_STANDARD = "gnu++14";
				CLANG_CXX_LIBRARY = "libc++";
				CLANG_ENABLE_MODULES = YES;
				CLANG_ENABLE_OBJC_ARC = YES;
				CLANG_ENABLE_OBJC_WEAK = YES;
				CLANG_WARN_BLOCK_CAPTURE_AUTORELEASING = YES;
				CLANG_WARN_BOOL_CONVERSION = YES;
				CLANG_WARN_COMMA = YES;
				CLANG_WARN_CONSTANT_CONVERSION = YES;
				CLANG_WARN_DEPRECATED_OBJC_IMPLEMENTATIONS = YES;
				CLANG_WARN_DIRECT_OBJC_ISA_USAGE = YES_ERROR;
				CLANG_WARN_DOCUMENTATION_COMMENTS = YES;
				CLANG_WARN_EMPTY_BODY = YES;
				CLANG_WARN_ENUM_CONVERSION = YES;
				CLANG_WARN_INFINITE_RECURSION = YES;
				CLANG_WARN_INT_CONVERSION = YES;
				CLANG_WARN_NON_LITERAL_NULL_CONVERSION = YES;
				CLANG_WARN_OBJC_IMPLICIT_RETAIN_SELF = YES;
				CLANG_WARN_OBJC_LITERAL_CONVERSION = YES;
				CLANG_WARN_OBJC_ROOT_CLASS = YES_ERROR;
				CLANG_WARN_RANGE_LOOP_ANALYSIS = YES;
				CLANG_WARN_STRICT_PROTOTYPES = YES;
				CLANG_WARN_SUSPICIOUS_MOVE = YES;
				CLANG_WARN_UNGUARDED_AVAILABILITY = YES_AGGRESSIVE;
				CLANG_WARN_UNREACHABLE_CODE = YES;
				CLANG_WARN__DUPLICATE_METHOD_MATCH = YES;
				CODE_SIGN_IDENTITY = "iPhone Developer";
				COPY_PHASE_STRIP = NO;
				DEBUG_INFORMATION_FORMAT = "dwarf-with-dsym";
				ENABLE_NS_ASSERTIONS = NO;
				ENABLE_STRICT_OBJC_MSGSEND = YES;
				GCC_C_LANGUAGE_STANDARD = gnu11;
				GCC_NO_COMMON_BLOCKS = YES;
				GCC_WARN_64_TO_32_BIT_CONVERSION = YES;
				GCC_WARN_ABOUT_RETURN_TYPE = YES_ERROR;
				GCC_WARN_UNDECLARED_SELECTOR = YES;
				GCC_WARN_UNINITIALIZED_AUTOS = YES_AGGRESSIVE;
				GCC_WARN_UNUSED_FUNCTION = YES;
				GCC_WARN_UNUSED_VARIABLE = YES;
				IPHONEOS_DEPLOYMENT_TARGET = 11.4;
				MTL_ENABLE_DEBUG_INFO = NO;
				SDKROOT = iphoneos;
				SWIFT_COMPILATION_MODE = wholemodule;
				SWIFT_OPTIMIZATION_LEVEL = "-O";
				VALIDATE_PRODUCT = YES;
			};
			name = Release;
		};
		A004B64920FE5D6B00F881EE /* Debug */ = {
			isa = XCBuildConfiguration;
			baseConfigurationReference = E8C0EC41301EA273B72BD093 /* Pods-W3lcome Face Comparison.debug.xcconfig */;
			buildSettings = {
				ASSETCATALOG_COMPILER_APPICON_NAME = AppIcon;
				CODE_SIGN_STYLE = Automatic;
				DEVELOPMENT_TEAM = QR594S5F36;
				INFOPLIST_FILE = "W3lcome Face Comparison/Info.plist";
				LD_RUNPATH_SEARCH_PATHS = (
					"$(inherited)",
					"@executable_path/Frameworks",
				);
				PRODUCT_BUNDLE_IDENTIFIER = "com.rocketmilk.class.W3lcome-Face-Comparison";
				PRODUCT_NAME = "$(TARGET_NAME)";
				SWIFT_VERSION = 4.0;
				TARGETED_DEVICE_FAMILY = "1,2";
			};
			name = Debug;
		};
		A004B64A20FE5D6B00F881EE /* Release */ = {
			isa = XCBuildConfiguration;
			baseConfigurationReference = C6D4DE6052AEFB235AC10C56 /* Pods-W3lcome Face Comparison.release.xcconfig */;
			buildSettings = {
				ASSETCATALOG_COMPILER_APPICON_NAME = AppIcon;
				CODE_SIGN_STYLE = Automatic;
				DEVELOPMENT_TEAM = QR594S5F36;
				INFOPLIST_FILE = "W3lcome Face Comparison/Info.plist";
				LD_RUNPATH_SEARCH_PATHS = (
					"$(inherited)",
					"@executable_path/Frameworks",
				);
				PRODUCT_BUNDLE_IDENTIFIER = "com.rocketmilk.class.W3lcome-Face-Comparison";
				PRODUCT_NAME = "$(TARGET_NAME)";
				SWIFT_VERSION = 4.0;
				TARGETED_DEVICE_FAMILY = "1,2";
			};
			name = Release;
		};
/* End XCBuildConfiguration section */

/* Begin XCConfigurationList section */
		A004B63120FE5D6700F881EE /* Build configuration list for PBXProject "W3lcome Face Comparison" */ = {
			isa = XCConfigurationList;
			buildConfigurations = (
				A004B64620FE5D6B00F881EE /* Debug */,
				A004B64720FE5D6B00F881EE /* Release */,
			);
			defaultConfigurationIsVisible = 0;
			defaultConfigurationName = Release;
		};
		A004B64820FE5D6B00F881EE /* Build configuration list for PBXNativeTarget "W3lcome Face Comparison" */ = {
			isa = XCConfigurationList;
			buildConfigurations = (
				A004B64920FE5D6B00F881EE /* Debug */,
				A004B64A20FE5D6B00F881EE /* Release */,
			);
			defaultConfigurationIsVisible = 0;
			defaultConfigurationName = Release;
		};
/* End XCConfigurationList section */
	};
	rootObject = A004B62E20FE5D6700F881EE /* Project object */;
}
