// !$*UTF8*$!
{
	archiveVersion = 1;
	classes = {
	};
	objectVersion = 50;
	objects = {

/* Begin PBXBuildFile section */
		A0814EC2213DC4DD00907E70 /* AppDelegate.swift in Sources */ = {isa = PBXBuildFile; fileRef = A0814EC1213DC4DD00907E70 /* AppDelegate.swift */; };
		A0814EC4213DC4DD00907E70 /* ViewController.swift in Sources */ = {isa = PBXBuildFile; fileRef = A0814EC3213DC4DD00907E70 /* ViewController.swift */; };
		A0814EC7213DC4DD00907E70 /* Main.storyboard in Resources */ = {isa = PBXBuildFile; fileRef = A0814EC5213DC4DD00907E70 /* Main.storyboard */; };
		A0814EC9213DC4DF00907E70 /* Assets.xcassets in Resources */ = {isa = PBXBuildFile; fileRef = A0814EC8213DC4DF00907E70 /* Assets.xcassets */; };
		A0814ECC213DC4DF00907E70 /* LaunchScreen.storyboard in Resources */ = {isa = PBXBuildFile; fileRef = A0814ECA213DC4DF00907E70 /* LaunchScreen.storyboard */; };
		A0814ED4213DC51100907E70 /* Inceptionv3.mlmodel in Sources */ = {isa = PBXBuildFile; fileRef = A0814ED3213DC51100907E70 /* Inceptionv3.mlmodel */; };
/* End PBXBuildFile section */

/* Begin PBXFileReference section */
		A0814EBE213DC4DD00907E70 /* which-obj-app.app */ = {isa = PBXFileReference; explicitFileType = wrapper.application; includeInIndex = 0; path = "which-obj-app.app"; sourceTree = BUILT_PRODUCTS_DIR; };
		A0814EC1213DC4DD00907E70 /* AppDelegate.swift */ = {isa = PBXFileReference; lastKnownFileType = sourcecode.swift; path = AppDelegate.swift; sourceTree = "<group>"; };
		A0814EC3213DC4DD00907E70 /* ViewController.swift */ = {isa = PBXFileReference; lastKnownFileType = sourcecode.swift; path = ViewController.swift; sourceTree = "<group>"; };
		A0814EC6213DC4DD00907E70 /* Base */ = {isa = PBXFileReference; lastKnownFileType = file.storyboard; name = Base; path = Base.lproj/Main.storyboard; sourceTree = "<group>"; };
		A0814EC8213DC4DF00907E70 /* Assets.xcassets */ = {isa = PBXFileReference; lastKnownFileType = folder.assetcatalog; path = Assets.xcassets; sourceTree = "<group>"; };
		A0814ECB213DC4DF00907E70 /* Base */ = {isa = PBXFileReference; lastKnownFileType = file.storyboard; name = Base; path = Base.lproj/LaunchScreen.storyboard; sourceTree = "<group>"; };
		A0814ECD213DC4DF00907E70 /* Info.plist */ = {isa = PBXFileReference; lastKnownFileType = text.plist.xml; path = Info.plist; sourceTree = "<group>"; };
		A0814ED3213DC51100907E70 /* Inceptionv3.mlmodel */ = {isa = PBXFileReference; lastKnownFileType = file.mlmodel; path = Inceptionv3.mlmodel; sourceTree = "<group>"; };
/* End PBXFileReference section */

/* Begin PBXFrameworksBuildPhase section */
		A0814EBB213DC4DD00907E70 /* Frameworks */ = {
			isa = PBXFrameworksBuildPhase;
			buildActionMask = 2147483647;
			files = (
			);
			runOnlyForDeploymentPostprocessing = 0;
		};
/* End PBXFrameworksBuildPhase section */

/* Begin PBXGroup section */
		A0814EB5213DC4DD00907E70 = {
			isa = PBXGroup;
			children = (
				A0814EC0213DC4DD00907E70 /* which-obj-app */,
				A0814EBF213DC4DD00907E70 /* Products */,
			);
			sourceTree = "<group>";
		};
		A0814EBF213DC4DD00907E70 /* Products */ = {
			isa = PBXGroup;
			children = (
				A0814EBE213DC4DD00907E70 /* which-obj-app.app */,
			);
			name = Products;
			sourceTree = "<group>";
		};
		A0814EC0213DC4DD00907E70 /* which-obj-app */ = {
			isa = PBXGroup;
			children = (
				A0814EC1213DC4DD00907E70 /* AppDelegate.swift */,
				A0814EC3213DC4DD00907E70 /* ViewController.swift */,
				A0814EC5213DC4DD00907E70 /* Main.storyboard */,
				A0814EC8213DC4DF00907E70 /* Assets.xcassets */,
				A0814ECA213DC4DF00907E70 /* LaunchScreen.storyboard */,
				A0814ECD213DC4DF00907E70 /* Info.plist */,
				A0814ED3213DC51100907E70 /* Inceptionv3.mlmodel */,
			);
			path = "which-obj-app";
			sourceTree = "<group>";
		};
/* End PBXGroup section */

/* Begin PBXNativeTarget section */
		A0814EBD213DC4DD00907E70 /* which-obj-app */ = {
			isa = PBXNativeTarget;
			buildConfigurationList = A0814ED0213DC4DF00907E70 /* Build configuration list for PBXNativeTarget "which-obj-app" */;
			buildPhases = (
				A0814EBA213DC4DD00907E70 /* Sources */,
				A0814EBB213DC4DD00907E70 /* Frameworks */,
				A0814EBC213DC4DD00907E70 /* Resources */,
			);
			buildRules = (
			);
			dependencies = (
			);
			name = "which-obj-app";
			productName = "which-obj-app";
			productReference = A0814EBE213DC4DD00907E70 /* which-obj-app.app */;
			productType = "com.apple.product-type.application";
		};
/* End PBXNativeTarget section */

/* Begin PBXProject section */
		A0814EB6213DC4DD00907E70 /* Project object */ = {
			isa = PBXProject;
			attributes = {
				LastSwiftUpdateCheck = 0940;
				LastUpgradeCheck = 0940;
				ORGANIZATIONNAME = "Lucas Cotta";
				TargetAttributes = {
					A0814EBD213DC4DD00907E70 = {
						CreatedOnToolsVersion = 9.4.1;
					};
				};
			};
			buildConfigurationList = A0814EB9213DC4DD00907E70 /* Build configuration list for PBXProject "which-obj-app" */;
			compatibilityVersion = "Xcode 9.3";
			developmentRegion = en;
			hasScannedForEncodings = 0;
			knownRegions = (
				en,
				Base,
			);
			mainGroup = A0814EB5213DC4DD00907E70;
			productRefGroup = A0814EBF213DC4DD00907E70 /* Products */;
			projectDirPath = "";
			projectRoot = "";
			targets = (
				A0814EBD213DC4DD00907E70 /* which-obj-app */,
			);
		};
/* End PBXProject section */

/* Begin PBXResourcesBuildPhase section */
		A0814EBC213DC4DD00907E70 /* Resources */ = {
			isa = PBXResourcesBuildPhase;
			buildActionMask = 2147483647;
			files = (
				A0814ECC213DC4DF00907E70 /* LaunchScreen.storyboard in Resources */,
				A0814EC9213DC4DF00907E70 /* Assets.xcassets in Resources */,
				A0814EC7213DC4DD00907E70 /* Main.storyboard in Resources */,
			);
			runOnlyForDeploymentPostprocessing = 0;
		};
/* End PBXResourcesBuildPhase section */

/* Begin PBXSourcesBuildPhase section */
		A0814EBA213DC4DD00907E70 /* Sources */ = {
			isa = PBXSourcesBuildPhase;
			buildActionMask = 2147483647;
			files = (
				A0814EC4213DC4DD00907E70 /* ViewController.swift in Sources */,
				A0814ED4213DC51100907E70 /* Inceptionv3.mlmodel in Sources */,
				A0814EC2213DC4DD00907E70 /* AppDelegate.swift in Sources */,
			);
			runOnlyForDeploymentPostprocessing = 0;
		};
/* End PBXSourcesBuildPhase section */

/* Begin PBXVariantGroup section */
		A0814EC5213DC4DD00907E70 /* Main.storyboard */ = {
			isa = PBXVariantGroup;
			children = (
				A0814EC6213DC4DD00907E70 /* Base */,
			);
			name = Main.storyboard;
			sourceTree = "<group>";
		};
		A0814ECA213DC4DF00907E70 /* LaunchScreen.storyboard */ = {
			isa = PBXVariantGroup;
			children = (
				A0814ECB213DC4DF00907E70 /* Base */,
			);
			name = LaunchScreen.storyboard;
			sourceTree = "<group>";
		};
/* End PBXVariantGroup section */

/* Begin XCBuildConfiguration section */
		A0814ECE213DC4DF00907E70 /* Debug */ = {
			isa = XCBuildConfiguration;
			buildSettings = {
				ALWAYS_SEARCH_USER_PATHS = NO;
				CLANG_ANALYZER_NONNULL = YES;
				CLANG_ANALYZER_NUMBER_OBJECT_CONVERSION = YES_AGGRESSIVE;
				CLANG_CXX_LANGUAGE_STANDARD = "gnu++14";
				CLANG_CXX_LIBRARY = "libc++";
				CLANG_ENABLE_MODULES = YES;
				CLANG_ENABLE_OBJC_ARC = YES;
				CLANG_ENABLE_OBJC_WEAK = YES;
				CLANG_WARN_BLOCK_CAPTURE_AUTORELEASING = YES;
				CLANG_WARN_BOOL_CONVERSION = YES;
				CLANG_WARN_COMMA = YES;
				CLANG_WARN_CONSTANT_CONVERSION = YES;
				CLANG_WARN_DEPRECATED_OBJC_IMPLEMENTATIONS = YES;
				CLANG_WARN_DIRECT_OBJC_ISA_USAGE = YES_ERROR;
				CLANG_WARN_DOCUMENTATION_COMMENTS = YES;
				CLANG_WARN_EMPTY_BODY = YES;
				CLANG_WARN_ENUM_CONVERSION = YES;
				CLANG_WARN_INFINITE_RECURSION = YES;
				CLANG_WARN_INT_CONVERSION = YES;
				CLANG_WARN_NON_LITERAL_NULL_CONVERSION = YES;
				CLANG_WARN_OBJC_IMPLICIT_RETAIN_SELF = YES;
				CLANG_WARN_OBJC_LITERAL_CONVERSION = YES;
				CLANG_WARN_OBJC_ROOT_CLASS = YES_ERROR;
				CLANG_WARN_RANGE_LOOP_ANALYSIS = YES;
				CLANG_WARN_STRICT_PROTOTYPES = YES;
				CLANG_WARN_SUSPICIOUS_MOVE = YES;
				CLANG_WARN_UNGUARDED_AVAILABILITY = YES_AGGRESSIVE;
				CLANG_WARN_UNREACHABLE_CODE = YES;
				CLANG_WARN__DUPLICATE_METHOD_MATCH = YES;
				CODE_SIGN_IDENTITY = "iPhone Developer";
				COPY_PHASE_STRIP = NO;
				DEBUG_INFORMATION_FORMAT = dwarf;
				ENABLE_STRICT_OBJC_MSGSEND = YES;
				ENABLE_TESTABILITY = YES;
				GCC_C_LANGUAGE_STANDARD = gnu11;
				GCC_DYNAMIC_NO_PIC = NO;
				GCC_NO_COMMON_BLOCKS = YES;
				GCC_OPTIMIZATION_LEVEL = 0;
				GCC_PREPROCESSOR_DEFINITIONS = (
					"DEBUG=1",
					"$(inherited)",
				);
				GCC_WARN_64_TO_32_BIT_CONVERSION = YES;
				GCC_WARN_ABOUT_RETURN_TYPE = YES_ERROR;
				GCC_WARN_UNDECLARED_SELECTOR = YES;
				GCC_WARN_UNINITIALIZED_AUTOS = YES_AGGRESSIVE;
				GCC_WARN_UNUSED_FUNCTION = YES;
				GCC_WARN_UNUSED_VARIABLE = YES;
				IPHONEOS_DEPLOYMENT_TARGET = 11.4;
				MTL_ENABLE_DEBUG_INFO = YES;
				ONLY_ACTIVE_ARCH = YES;
				SDKROOT = iphoneos;
				SWIFT_ACTIVE_COMPILATION_CONDITIONS = DEBUG;
				SWIFT_OPTIMIZATION_LEVEL = "-Onone";
			};
			name = Debug;
		};
		A0814ECF213DC4DF00907E70 /* Release */ = {
			isa = XCBuildConfiguration;
			buildSettings = {
				ALWAYS_SEARCH_USER_PATHS = NO;
				CLANG_ANALYZER_NONNULL = YES;
				CLANG_ANALYZER_NUMBER_OBJECT_CONVERSION = YES_AGGRESSIVE;
				CLANG_CXX_LANGUAGE_STANDARD = "gnu++14";
				CLANG_CXX_LIBRARY = "libc++";
				CLANG_ENABLE_MODULES = YES;
				CLANG_ENABLE_OBJC_ARC = YES;
				CLANG_ENABLE_OBJC_WEAK = YES;
				CLANG_WARN_BLOCK_CAPTURE_AUTORELEASING = YES;
				CLANG_WARN_BOOL_CONVERSION = YES;
				CLANG_WARN_COMMA = YES;
				CLANG_WARN_CONSTANT_CONVERSION = YES;
				CLANG_WARN_DEPRECATED_OBJC_IMPLEMENTATIONS = YES;
				CLANG_WARN_DIRECT_OBJC_ISA_USAGE = YES_ERROR;
				CLANG_WARN_DOCUMENTATION_COMMENTS = YES;
				CLANG_WARN_EMPTY_BODY = YES;
				CLANG_WARN_ENUM_CONVERSION = YES;
				CLANG_WARN_INFINITE_RECURSION = YES;
				CLANG_WARN_INT_CONVERSION = YES;
				CLANG_WARN_NON_LITERAL_NULL_CONVERSION = YES;
				CLANG_WARN_OBJC_IMPLICIT_RETAIN_SELF = YES;
				CLANG_WARN_OBJC_LITERAL_CONVERSION = YES;
				CLANG_WARN_OBJC_ROOT_CLASS = YES_ERROR;
				CLANG_WARN_RANGE_LOOP_ANALYSIS = YES;
				CLANG_WARN_STRICT_PROTOTYPES = YES;
				CLANG_WARN_SUSPICIOUS_MOVE = YES;
				CLANG_WARN_UNGUARDED_AVAILABILITY = YES_AGGRESSIVE;
				CLANG_WARN_UNREACHABLE_CODE = YES;
				CLANG_WARN__DUPLICATE_METHOD_MATCH = YES;
				CODE_SIGN_IDENTITY = "iPhone Developer";
				COPY_PHASE_STRIP = NO;
				DEBUG_INFORMATION_FORMAT = "dwarf-with-dsym";
				ENABLE_NS_ASSERTIONS = NO;
				ENABLE_STRICT_OBJC_MSGSEND = YES;
				GCC_C_LANGUAGE_STANDARD = gnu11;
				GCC_NO_COMMON_BLOCKS = YES;
				GCC_WARN_64_TO_32_BIT_CONVERSION = YES;
				GCC_WARN_ABOUT_RETURN_TYPE = YES_ERROR;
				GCC_WARN_UNDECLARED_SELECTOR = YES;
				GCC_WARN_UNINITIALIZED_AUTOS = YES_AGGRESSIVE;
				GCC_WARN_UNUSED_FUNCTION = YES;
				GCC_WARN_UNUSED_VARIABLE = YES;
				IPHONEOS_DEPLOYMENT_TARGET = 11.4;
				MTL_ENABLE_DEBUG_INFO = NO;
				SDKROOT = iphoneos;
				SWIFT_COMPILATION_MODE = wholemodule;
				SWIFT_OPTIMIZATION_LEVEL = "-O";
				VALIDATE_PRODUCT = YES;
			};
			name = Release;
		};
		A0814ED1213DC4DF00907E70 /* Debug */ = {
			isa = XCBuildConfiguration;
			buildSettings = {
				ASSETCATALOG_COMPILER_APPICON_NAME = AppIcon;
				CODE_SIGN_STYLE = Automatic;
				DEVELOPMENT_TEAM = LDX45MBWP2;
				INFOPLIST_FILE = "which-obj-app/Info.plist";
				LD_RUNPATH_SEARCH_PATHS = (
					"$(inherited)",
					"@executable_path/Frameworks",
				);
				PRODUCT_BUNDLE_IDENTIFIER = "com.rocketmilk.class.which-obj-app";
				PRODUCT_NAME = "$(TARGET_NAME)";
				SWIFT_VERSION = 4.0;
				TARGETED_DEVICE_FAMILY = "1,2";
			};
			name = Debug;
		};
		A0814ED2213DC4DF00907E70 /* Release */ = {
			isa = XCBuildConfiguration;
			buildSettings = {
				ASSETCATALOG_COMPILER_APPICON_NAME = AppIcon;
				CODE_SIGN_STYLE = Automatic;
				DEVELOPMENT_TEAM = LDX45MBWP2;
				INFOPLIST_FILE = "which-obj-app/Info.plist";
				LD_RUNPATH_SEARCH_PATHS = (
					"$(inherited)",
					"@executable_path/Frameworks",
				);
				PRODUCT_BUNDLE_IDENTIFIER = "com.rocketmilk.class.which-obj-app";
				PRODUCT_NAME = "$(TARGET_NAME)";
				SWIFT_VERSION = 4.0;
				TARGETED_DEVICE_FAMILY = "1,2";
			};
			name = Release;
		};
/* End XCBuildConfiguration section */

/* Begin XCConfigurationList section */
		A0814EB9213DC4DD00907E70 /* Build configuration list for PBXProject "which-obj-app" */ = {
			isa = XCConfigurationList;
			buildConfigurations = (
				A0814ECE213DC4DF00907E70 /* Debug */,
				A0814ECF213DC4DF00907E70 /* Release */,
			);
			defaultConfigurationIsVisible = 0;
			defaultConfigurationName = Release;
		};
		A0814ED0213DC4DF00907E70 /* Build configuration list for PBXNativeTarget "which-obj-app" */ = {
			isa = XCConfigurationList;
			buildConfigurations = (
				A0814ED1213DC4DF00907E70 /* Debug */,
				A0814ED2213DC4DF00907E70 /* Release */,
			);
			defaultConfigurationIsVisible = 0;
			defaultConfigurationName = Release;
		};
/* End XCConfigurationList section */
	};
	rootObject = A0814EB6213DC4DD00907E70 /* Project object */;
}
